
Microsoft Visual Studio Solution File, Format Version 12.00
# Visual Studio Version 16
VisualStudioVersion = 16.0.31702.278
MinimumVisualStudioVersion = 10.0.40219.1
Project("{FAE04EC0-301F-11D3-BF4B-00C04F79EFBC}") = "OurWeather", "OurWeather.csproj", "{7958C9BD-7F87-4E42-BCEE-DDBC24D03921}"
EndProject
Global
	GlobalSection(SolutionConfigurationPlatforms) = preSolution
		Debug|Any CPU = Debug|Any CPU
		Release|Any CPU = Release|Any CPU
	EndGlobalSection
	GlobalSection(ProjectConfigurationPlatforms) = postSolution
		{7958C9BD-7F87-4E42-BCEE-DDBC24D03921}.Debug|Any CPU.ActiveCfg = Debug|Any CPU
		{7958C9BD-7F87-4E42-BCEE-DDBC24D03921}.Debug|Any CPU.Build.0 = Debug|Any CPU
		{7958C9BD-7F87-4E42-BCEE-DDBC24D03921}.Release|Any CPU.ActiveCfg = Release|Any CPU
		{7958C9BD-7F87-4E42-BCEE-DDBC24D03921}.Release|Any CPU.Build.0 = Release|Any CPU
	EndGlobalSection
	GlobalSection(SolutionProperties) = preSolution
		HideSolutionNode = FALSE
	EndGlobalSection
	GlobalSection(ExtensibilityGlobals) = postSolution
		SolutionGuid = {FFCC42B5-91C4-40F1-BFB4-3C194119FF84}
	EndGlobalSection
EndGlobal
